
Microsoft Visual Studio Solution File, Format Version 12.00
# Visual Studio 15
VisualStudioVersion = 15.0.26730.16
MinimumVisualStudioVersion = 15.0.26124.0
Project("{9A19103F-16F7-4668-BE54-9A1E7A4F7556}") = "Fiery.Api.Identity", "Fiery.Api.Identity\Fiery.Api.Identity.csproj", "{5DECAECD-E8D9-43C0-B5B5-18352A353B88}"
EndProject
Project("{9A19103F-16F7-4668-BE54-9A1E7A4F7556}") = "Fiery.Api.Resources", "Fiery.Api.Resources\Fiery.Api.Resources.csproj", "{6FB7584A-9645-47CB-B660-F201AB3B3BF6}"
EndProject
Project("{9A19103F-16F7-4668-BE54-9A1E7A4F7556}") = "Fiery.Identity.Clients.ClientCredentials", "Fiery.Identity.Clients.ClientCredentials\Fiery.Identity.Clients.ClientCredentials.csproj", "{60350248-03E0-43C5-BD37-61F4FBFD463C}"
EndProject
Project("{9A19103F-16F7-4668-BE54-9A1E7A4F7556}") = "Fiery.Identity.Clients.ResourceOwner", "Fiery.Identity.Clients.ResourceOwner\Fiery.Identity.Clients.ResourceOwner.csproj", "{E8CC75A0-6263-4EC0-96CE-7A890921E2C6}"
EndProject
Project("{9A19103F-16F7-4668-BE54-9A1E7A4F7556}") = "Fiery.Identity.Clients.ImplicitMvc", "Fiery.Identity.Clients.ImplicitMvc\Fiery.Identity.Clients.ImplicitMvc.csproj", "{CDCD5D4C-E476-4037-9168-64946B12DE40}"
EndProject
Project("{9A19103F-16F7-4668-BE54-9A1E7A4F7556}") = "Fiery.Identity.Clients.ImplicitJs", "Fiery.Identity.Clients.ImplicitJs\Fiery.Identity.Clients.ImplicitJs.csproj", "{1B561904-B2E2-4AF9-A06C-F2F8345AB65A}"
EndProject
Project("{9A19103F-16F7-4668-BE54-9A1E7A4F7556}") = "Fiery.Identity.Users.External", "Fiery.Identity.Users.External\Fiery.Identity.Users.External.csproj", "{6C453124-F9D7-47F2-9C1B-E2F5EC917CD5}"
EndProject
Project("{9A19103F-16F7-4668-BE54-9A1E7A4F7556}") = "Fiery.Identity.Users.AspNetCore", "Fiery.Identity.Users.AspNetCore\Fiery.Identity.Users.AspNetCore.csproj", "{1CA6620A-864B-4142-BAE1-F944E9EF311D}"
EndProject
Project("{9A19103F-16F7-4668-BE54-9A1E7A4F7556}") = "IdentityServer4.MongoDb", "IdentityServer4.MongoDb\IdentityServer4.MongoDb.csproj", "{713CDFDE-2B94-4B90-9037-BDFD73630A7D}"
EndProject
Project("{FAE04EC0-301F-11D3-BF4B-00C04F79EFBC}") = "Fiery.Identity.Users.Local", "Fiery.Identity.Users.Local\Fiery.Identity.Users.Local.csproj", "{61EFF69C-CD1E-4F04-9F54-2E304FD74168}"
EndProject
Global
	GlobalSection(SolutionConfigurationPlatforms) = preSolution
		Debug|Any CPU = Debug|Any CPU
		Debug|x64 = Debug|x64
		Debug|x86 = Debug|x86
		Release|Any CPU = Release|Any CPU
		Release|x64 = Release|x64
		Release|x86 = Release|x86
	EndGlobalSection
	GlobalSection(ProjectConfigurationPlatforms) = postSolution
		{5DECAECD-E8D9-43C0-B5B5-18352A353B88}.Debug|Any CPU.ActiveCfg = Debug|Any CPU
		{5DECAECD-E8D9-43C0-B5B5-18352A353B88}.Debug|Any CPU.Build.0 = Debug|Any CPU
		{5DECAECD-E8D9-43C0-B5B5-18352A353B88}.Debug|x64.ActiveCfg = Debug|Any CPU
		{5DECAECD-E8D9-43C0-B5B5-18352A353B88}.Debug|x64.Build.0 = Debug|Any CPU
		{5DECAECD-E8D9-43C0-B5B5-18352A353B88}.Debug|x86.ActiveCfg = Debug|Any CPU
		{5DECAECD-E8D9-43C0-B5B5-18352A353B88}.Debug|x86.Build.0 = Debug|Any CPU
		{5DECAECD-E8D9-43C0-B5B5-18352A353B88}.Release|Any CPU.ActiveCfg = Release|Any CPU
		{5DECAECD-E8D9-43C0-B5B5-18352A353B88}.Release|Any CPU.Build.0 = Release|Any CPU
		{5DECAECD-E8D9-43C0-B5B5-18352A353B88}.Release|x64.ActiveCfg = Release|Any CPU
		{5DECAECD-E8D9-43C0-B5B5-18352A353B88}.Release|x64.Build.0 = Release|Any CPU
		{5DECAECD-E8D9-43C0-B5B5-18352A353B88}.Release|x86.ActiveCfg = Release|Any CPU
		{5DECAECD-E8D9-43C0-B5B5-18352A353B88}.Release|x86.Build.0 = Release|Any CPU
		{6FB7584A-9645-47CB-B660-F201AB3B3BF6}.Debug|Any CPU.ActiveCfg = Debug|Any CPU
		{6FB7584A-9645-47CB-B660-F201AB3B3BF6}.Debug|Any CPU.Build.0 = Debug|Any CPU
		{6FB7584A-9645-47CB-B660-F201AB3B3BF6}.Debug|x64.ActiveCfg = Debug|Any CPU
		{6FB7584A-9645-47CB-B660-F201AB3B3BF6}.Debug|x64.Build.0 = Debug|Any CPU
		{6FB7584A-9645-47CB-B660-F201AB3B3BF6}.Debug|x86.ActiveCfg = Debug|Any CPU
		{6FB7584A-9645-47CB-B660-F201AB3B3BF6}.Debug|x86.Build.0 = Debug|Any CPU
		{6FB7584A-9645-47CB-B660-F201AB3B3BF6}.Release|Any CPU.ActiveCfg = Release|Any CPU
		{6FB7584A-9645-47CB-B660-F201AB3B3BF6}.Release|Any CPU.Build.0 = Release|Any CPU
		{6FB7584A-9645-47CB-B660-F201AB3B3BF6}.Release|x64.ActiveCfg = Release|Any CPU
		{6FB7584A-9645-47CB-B660-F201AB3B3BF6}.Release|x64.Build.0 = Release|Any CPU
		{6FB7584A-9645-47CB-B660-F201AB3B3BF6}.Release|x86.ActiveCfg = Release|Any CPU
		{6FB7584A-9645-47CB-B660-F201AB3B3BF6}.Release|x86.Build.0 = Release|Any CPU
		{60350248-03E0-43C5-BD37-61F4FBFD463C}.Debug|Any CPU.ActiveCfg = Debug|Any CPU
		{60350248-03E0-43C5-BD37-61F4FBFD463C}.Debug|Any CPU.Build.0 = Debug|Any CPU
		{60350248-03E0-43C5-BD37-61F4FBFD463C}.Debug|x64.ActiveCfg = Debug|Any CPU
		{60350248-03E0-43C5-BD37-61F4FBFD463C}.Debug|x64.Build.0 = Debug|Any CPU
		{60350248-03E0-43C5-BD37-61F4FBFD463C}.Debug|x86.ActiveCfg = Debug|Any CPU
		{60350248-03E0-43C5-BD37-61F4FBFD463C}.Debug|x86.Build.0 = Debug|Any CPU
		{60350248-03E0-43C5-BD37-61F4FBFD463C}.Release|Any CPU.ActiveCfg = Release|Any CPU
		{60350248-03E0-43C5-BD37-61F4FBFD463C}.Release|Any CPU.Build.0 = Release|Any CPU
		{60350248-03E0-43C5-BD37-61F4FBFD463C}.Release|x64.ActiveCfg = Release|Any CPU
		{60350248-03E0-43C5-BD37-61F4FBFD463C}.Release|x64.Build.0 = Release|Any CPU
		{60350248-03E0-43C5-BD37-61F4FBFD463C}.Release|x86.ActiveCfg = Release|Any CPU
		{60350248-03E0-43C5-BD37-61F4FBFD463C}.Release|x86.Build.0 = Release|Any CPU
		{E8CC75A0-6263-4EC0-96CE-7A890921E2C6}.Debug|Any CPU.ActiveCfg = Debug|Any CPU
		{E8CC75A0-6263-4EC0-96CE-7A890921E2C6}.Debug|Any CPU.Build.0 = Debug|Any CPU
		{E8CC75A0-6263-4EC0-96CE-7A890921E2C6}.Debug|x64.ActiveCfg = Debug|Any CPU
		{E8CC75A0-6263-4EC0-96CE-7A890921E2C6}.Debug|x64.Build.0 = Debug|Any CPU
		{E8CC75A0-6263-4EC0-96CE-7A890921E2C6}.Debug|x86.ActiveCfg = Debug|Any CPU
		{E8CC75A0-6263-4EC0-96CE-7A890921E2C6}.Debug|x86.Build.0 = Debug|Any CPU
		{E8CC75A0-6263-4EC0-96CE-7A890921E2C6}.Release|Any CPU.ActiveCfg = Release|Any CPU
		{E8CC75A0-6263-4EC0-96CE-7A890921E2C6}.Release|Any CPU.Build.0 = Release|Any CPU
		{E8CC75A0-6263-4EC0-96CE-7A890921E2C6}.Release|x64.ActiveCfg = Release|Any CPU
		{E8CC75A0-6263-4EC0-96CE-7A890921E2C6}.Release|x64.Build.0 = Release|Any CPU
		{E8CC75A0-6263-4EC0-96CE-7A890921E2C6}.Release|x86.ActiveCfg = Release|Any CPU
		{E8CC75A0-6263-4EC0-96CE-7A890921E2C6}.Release|x86.Build.0 = Release|Any CPU
		{CDCD5D4C-E476-4037-9168-64946B12DE40}.Debug|Any CPU.ActiveCfg = Debug|Any CPU
		{CDCD5D4C-E476-4037-9168-64946B12DE40}.Debug|Any CPU.Build.0 = Debug|Any CPU
		{CDCD5D4C-E476-4037-9168-64946B12DE40}.Debug|x64.ActiveCfg = Debug|Any CPU
		{CDCD5D4C-E476-4037-9168-64946B12DE40}.Debug|x64.Build.0 = Debug|Any CPU
		{CDCD5D4C-E476-4037-9168-64946B12DE40}.Debug|x86.ActiveCfg = Debug|Any CPU
		{CDCD5D4C-E476-4037-9168-64946B12DE40}.Debug|x86.Build.0 = Debug|Any CPU
		{CDCD5D4C-E476-4037-9168-64946B12DE40}.Release|Any CPU.ActiveCfg = Release|Any CPU
		{CDCD5D4C-E476-4037-9168-64946B12DE40}.Release|Any CPU.Build.0 = Release|Any CPU
		{CDCD5D4C-E476-4037-9168-64946B12DE40}.Release|x64.ActiveCfg = Release|Any CPU
		{CDCD5D4C-E476-4037-9168-64946B12DE40}.Release|x64.Build.0 = Release|Any CPU
		{CDCD5D4C-E476-4037-9168-64946B12DE40}.Release|x86.ActiveCfg = Release|Any CPU
		{CDCD5D4C-E476-4037-9168-64946B12DE40}.Release|x86.Build.0 = Release|Any CPU
		{1B561904-B2E2-4AF9-A06C-F2F8345AB65A}.Debug|Any CPU.ActiveCfg = Debug|Any CPU
		{1B561904-B2E2-4AF9-A06C-F2F8345AB65A}.Debug|Any CPU.Build.0 = Debug|Any CPU
		{1B561904-B2E2-4AF9-A06C-F2F8345AB65A}.Debug|x64.ActiveCfg = Debug|Any CPU
		{1B561904-B2E2-4AF9-A06C-F2F8345AB65A}.Debug|x64.Build.0 = Debug|Any CPU
		{1B561904-B2E2-4AF9-A06C-F2F8345AB65A}.Debug|x86.ActiveCfg = Debug|Any CPU
		{1B561904-B2E2-4AF9-A06C-F2F8345AB65A}.Debug|x86.Build.0 = Debug|Any CPU
		{1B561904-B2E2-4AF9-A06C-F2F8345AB65A}.Release|Any CPU.ActiveCfg = Release|Any CPU
		{1B561904-B2E2-4AF9-A06C-F2F8345AB65A}.Release|Any CPU.Build.0 = Release|Any CPU
		{1B561904-B2E2-4AF9-A06C-F2F8345AB65A}.Release|x64.ActiveCfg = Release|Any CPU
		{1B561904-B2E2-4AF9-A06C-F2F8345AB65A}.Release|x64.Build.0 = Release|Any CPU
		{1B561904-B2E2-4AF9-A06C-F2F8345AB65A}.Release|x86.ActiveCfg = Release|Any CPU
		{1B561904-B2E2-4AF9-A06C-F2F8345AB65A}.Release|x86.Build.0 = Release|Any CPU
		{6C453124-F9D7-47F2-9C1B-E2F5EC917CD5}.Debug|Any CPU.ActiveCfg = Debug|Any CPU
		{6C453124-F9D7-47F2-9C1B-E2F5EC917CD5}.Debug|Any CPU.Build.0 = Debug|Any CPU
		{6C453124-F9D7-47F2-9C1B-E2F5EC917CD5}.Debug|x64.ActiveCfg = Debug|Any CPU
		{6C453124-F9D7-47F2-9C1B-E2F5EC917CD5}.Debug|x64.Build.0 = Debug|Any CPU
		{6C453124-F9D7-47F2-9C1B-E2F5EC917CD5}.Debug|x86.ActiveCfg = Debug|Any CPU
		{6C453124-F9D7-47F2-9C1B-E2F5EC917CD5}.Debug|x86.Build.0 = Debug|Any CPU
		{6C453124-F9D7-47F2-9C1B-E2F5EC917CD5}.Release|Any CPU.ActiveCfg = Release|Any CPU
		{6C453124-F9D7-47F2-9C1B-E2F5EC917CD5}.Release|Any CPU.Build.0 = Release|Any CPU
		{6C453124-F9D7-47F2-9C1B-E2F5EC917CD5}.Release|x64.ActiveCfg = Release|Any CPU
		{6C453124-F9D7-47F2-9C1B-E2F5EC917CD5}.Release|x64.Build.0 = Release|Any CPU
		{6C453124-F9D7-47F2-9C1B-E2F5EC917CD5}.Release|x86.ActiveCfg = Release|Any CPU
		{6C453124-F9D7-47F2-9C1B-E2F5EC917CD5}.Release|x86.Build.0 = Release|Any CPU
		{1CA6620A-864B-4142-BAE1-F944E9EF311D}.Debug|Any CPU.ActiveCfg = Debug|Any CPU
		{1CA6620A-864B-4142-BAE1-F944E9EF311D}.Debug|Any CPU.Build.0 = Debug|Any CPU
		{1CA6620A-864B-4142-BAE1-F944E9EF311D}.Debug|x64.ActiveCfg = Debug|Any CPU
		{1CA6620A-864B-4142-BAE1-F944E9EF311D}.Debug|x64.Build.0 = Debug|Any CPU
		{1CA6620A-864B-4142-BAE1-F944E9EF311D}.Debug|x86.ActiveCfg = Debug|Any CPU
		{1CA6620A-864B-4142-BAE1-F944E9EF311D}.Debug|x86.Build.0 = Debug|Any CPU
		{1CA6620A-864B-4142-BAE1-F944E9EF311D}.Release|Any CPU.ActiveCfg = Release|Any CPU
		{1CA6620A-864B-4142-BAE1-F944E9EF311D}.Release|Any CPU.Build.0 = Release|Any CPU
		{1CA6620A-864B-4142-BAE1-F944E9EF311D}.Release|x64.ActiveCfg = Release|Any CPU
		{1CA6620A-864B-4142-BAE1-F944E9EF311D}.Release|x64.Build.0 = Release|Any CPU
		{1CA6620A-864B-4142-BAE1-F944E9EF311D}.Release|x86.ActiveCfg = Release|Any CPU
		{1CA6620A-864B-4142-BAE1-F944E9EF311D}.Release|x86.Build.0 = Release|Any CPU
		{713CDFDE-2B94-4B90-9037-BDFD73630A7D}.Debug|Any CPU.ActiveCfg = Debug|Any CPU
		{713CDFDE-2B94-4B90-9037-BDFD73630A7D}.Debug|Any CPU.Build.0 = Debug|Any CPU
		{713CDFDE-2B94-4B90-9037-BDFD73630A7D}.Debug|x64.ActiveCfg = Debug|Any CPU
		{713CDFDE-2B94-4B90-9037-BDFD73630A7D}.Debug|x64.Build.0 = Debug|Any CPU
		{713CDFDE-2B94-4B90-9037-BDFD73630A7D}.Debug|x86.ActiveCfg = Debug|Any CPU
		{713CDFDE-2B94-4B90-9037-BDFD73630A7D}.Debug|x86.Build.0 = Debug|Any CPU
		{713CDFDE-2B94-4B90-9037-BDFD73630A7D}.Release|Any CPU.ActiveCfg = Release|Any CPU
		{713CDFDE-2B94-4B90-9037-BDFD73630A7D}.Release|Any CPU.Build.0 = Release|Any CPU
		{713CDFDE-2B94-4B90-9037-BDFD73630A7D}.Release|x64.ActiveCfg = Release|Any CPU
		{713CDFDE-2B94-4B90-9037-BDFD73630A7D}.Release|x64.Build.0 = Release|Any CPU
		{713CDFDE-2B94-4B90-9037-BDFD73630A7D}.Release|x86.ActiveCfg = Release|Any CPU
		{713CDFDE-2B94-4B90-9037-BDFD73630A7D}.Release|x86.Build.0 = Release|Any CPU
		{61EFF69C-CD1E-4F04-9F54-2E304FD74168}.Debug|Any CPU.ActiveCfg = Debug|Any CPU
		{61EFF69C-CD1E-4F04-9F54-2E304FD74168}.Debug|Any CPU.Build.0 = Debug|Any CPU
		{61EFF69C-CD1E-4F04-9F54-2E304FD74168}.Debug|x64.ActiveCfg = Debug|Any CPU
		{61EFF69C-CD1E-4F04-9F54-2E304FD74168}.Debug|x64.Build.0 = Debug|Any CPU
		{61EFF69C-CD1E-4F04-9F54-2E304FD74168}.Debug|x86.ActiveCfg = Debug|Any CPU
		{61EFF69C-CD1E-4F04-9F54-2E304FD74168}.Debug|x86.Build.0 = Debug|Any CPU
		{61EFF69C-CD1E-4F04-9F54-2E304FD74168}.Release|Any CPU.ActiveCfg = Release|Any CPU
		{61EFF69C-CD1E-4F04-9F54-2E304FD74168}.Release|Any CPU.Build.0 = Release|Any CPU
		{61EFF69C-CD1E-4F04-9F54-2E304FD74168}.Release|x64.ActiveCfg = Release|Any CPU
		{61EFF69C-CD1E-4F04-9F54-2E304FD74168}.Release|x64.Build.0 = Release|Any CPU
		{61EFF69C-CD1E-4F04-9F54-2E304FD74168}.Release|x86.ActiveCfg = Release|Any CPU
		{61EFF69C-CD1E-4F04-9F54-2E304FD74168}.Release|x86.Build.0 = Release|Any CPU
	EndGlobalSection
	GlobalSection(SolutionProperties) = preSolution
		HideSolutionNode = FALSE
	EndGlobalSection
	GlobalSection(ExtensibilityGlobals) = postSolution
		SolutionGuid = {714B6758-D2B7-45D3-834E-03B3B9808DF7}
	EndGlobalSection
EndGlobal
